{
  "projects": [
    {
      "projectId": "seaQhLVS4bbjiGvJJrRwyL",
      "version": "15.0.3",
      "dependencies": {},
      "lang": "ts",
      "fileLocks": [
        {
          "assetId": "seaQhLVS4bbjiGvJJrRwyL",
          "type": "projectCss",
          "checksum": "85f7ca190f576c5a2499623973afb625"
        }
      ]
    },
    {
      "projectId": "gkUEyTKG3Uz93y5yENHCXe",
      "version": "latest",
      "dependencies": {
        "seaQhLVS4bbjiGvJJrRwyL": "15.0.3"
      },
      "lang": "ts",
      "fileLocks": [
        {
          "type": "globalVariant",
          "assetId": "wyBYFmcvWCRFgK",
          "checksum": "4bf59f316395b20b32e01924cc8c1804"
        },
        {
          "assetId": "gkUEyTKG3Uz93y5yENHCXe",
          "type": "projectCss",
          "checksum": "88ef5e537e663774cbc2580f6ccd327d"
        },
        {
          "type": "renderModule",
          "assetId": "4oFa9ire5hEIc",
          "checksum": "e8cbe102752f72865e87eaa3f5f0767b"
        },
        {
          "type": "cssRules",
          "assetId": "4oFa9ire5hEIc",
          "checksum": "e8cbe102752f72865e87eaa3f5f0767b"
        },
        {
          "type": "renderModule",
          "assetId": "L_7TFoqbRNz-Q",
          "checksum": "422e3b7489ccca0b15fd143a3250fa15"
        },
        {
          "type": "cssRules",
          "assetId": "L_7TFoqbRNz-Q",
          "checksum": "422e3b7489ccca0b15fd143a3250fa15"
        },
        {
          "type": "renderModule",
          "assetId": "R3FqJGCMmQuTc",
          "checksum": "bf00e295ac7cc215fb1599e34a5af0d9"
        },
        {
          "type": "cssRules",
          "assetId": "R3FqJGCMmQuTc",
          "checksum": "bf00e295ac7cc215fb1599e34a5af0d9"
        },
        {
          "type": "renderModule",
          "assetId": "qErZVvNcEr41M",
          "checksum": "9b32332d4a32ebef1365680068e3d8c3"
        },
        {
          "type": "cssRules",
          "assetId": "qErZVvNcEr41M",
          "checksum": "9b32332d4a32ebef1365680068e3d8c3"
        },
        {
          "type": "renderModule",
          "assetId": "LOOM9Oqv8k9BA",
          "checksum": "47b28eb15961dcffc60622858ee759de"
        },
        {
          "type": "cssRules",
          "assetId": "LOOM9Oqv8k9BA",
          "checksum": "47b28eb15961dcffc60622858ee759de"
        },
        {
          "type": "renderModule",
          "assetId": "OJ31-UuJf2WO1",
          "checksum": "c54f3bcfb59f44a721cfdd048c8f6ed3"
        },
        {
          "type": "cssRules",
          "assetId": "OJ31-UuJf2WO1",
          "checksum": "c54f3bcfb59f44a721cfdd048c8f6ed3"
        },
        {
          "type": "renderModule",
          "assetId": "84ghH0mxt-Li2",
          "checksum": "f5efcf44dba3c01402ae854da4bea55c"
        },
        {
          "type": "cssRules",
          "assetId": "84ghH0mxt-Li2",
          "checksum": "f5efcf44dba3c01402ae854da4bea55c"
        },
        {
          "type": "renderModule",
          "assetId": "VgUwDBkm5nZOV",
          "checksum": "ddb7d0cbd5dda412ebb609bcf6051c11"
        },
        {
          "type": "cssRules",
          "assetId": "VgUwDBkm5nZOV",
          "checksum": "ddb7d0cbd5dda412ebb609bcf6051c11"
        },
        {
          "type": "renderModule",
          "assetId": "eom-4ThA65WwEc",
          "checksum": "7c336e1e53e12ad6c356172023745c14"
        },
        {
          "type": "cssRules",
          "assetId": "eom-4ThA65WwEc",
          "checksum": "7c336e1e53e12ad6c356172023745c14"
        },
        {
          "type": "renderModule",
          "assetId": "fDU-T_VTurWW0s",
          "checksum": "0911c0717753b356abba537da7b0cbee"
        },
        {
          "type": "cssRules",
          "assetId": "fDU-T_VTurWW0s",
          "checksum": "0911c0717753b356abba537da7b0cbee"
        },
        {
          "type": "renderModule",
          "assetId": "Ut5uH_6qSzxyIT",
          "checksum": "9c4ef823c77e82f42ae920f940a4f70d"
        },
        {
          "type": "cssRules",
          "assetId": "Ut5uH_6qSzxyIT",
          "checksum": "9c4ef823c77e82f42ae920f940a4f70d"
        },
        {
          "type": "renderModule",
          "assetId": "j1d4MVWC4B_tRD",
          "checksum": "d7d98c37872edc4f22a2cf063ab3dd6e"
        },
        {
          "type": "cssRules",
          "assetId": "j1d4MVWC4B_tRD",
          "checksum": "d7d98c37872edc4f22a2cf063ab3dd6e"
        },
        {
          "type": "renderModule",
          "assetId": "L7Plj53-r9vDBP",
          "checksum": "296220cfe790be4bdd9657e7fd8ff6a7"
        },
        {
          "type": "cssRules",
          "assetId": "L7Plj53-r9vDBP",
          "checksum": "296220cfe790be4bdd9657e7fd8ff6a7"
        },
        {
          "type": "renderModule",
          "assetId": "brKcf_kd099KVk",
          "checksum": "11a7a8cfce26fce373a32881c6751414"
        },
        {
          "type": "cssRules",
          "assetId": "brKcf_kd099KVk",
          "checksum": "11a7a8cfce26fce373a32881c6751414"
        },
        {
          "type": "renderModule",
          "assetId": "52NlDLPmVwX3GE",
          "checksum": "1336759063263eb07ebcf315c3c946fd"
        },
        {
          "type": "cssRules",
          "assetId": "52NlDLPmVwX3GE",
          "checksum": "1336759063263eb07ebcf315c3c946fd"
        },
        {
          "type": "renderModule",
          "assetId": "w9htX4EhrOx5sW",
          "checksum": "cb578db03c01bff59762744af7e2b008"
        },
        {
          "type": "cssRules",
          "assetId": "w9htX4EhrOx5sW",
          "checksum": "cb578db03c01bff59762744af7e2b008"
        },
        {
          "type": "renderModule",
          "assetId": "ndDAlZvYKw1COd",
          "checksum": "50be260f4c37994076f425db763570c7"
        },
        {
          "type": "cssRules",
          "assetId": "ndDAlZvYKw1COd",
          "checksum": "50be260f4c37994076f425db763570c7"
        },
        {
          "type": "icon",
          "assetId": "KJerc57WTjNNVo",
          "checksum": "1c13d0f4fcaf60bdaeff51f04192c508"
        },
        {
          "type": "icon",
          "assetId": "Cj7D2_tnnQx5kg",
          "checksum": "f78eb461783a9e43f7e1dc3f2a896ed8"
        },
        {
          "type": "icon",
          "assetId": "npO-9AiZQzuQW7",
          "checksum": "afffbcabfbbec63751490560bf341fde"
        },
        {
          "type": "icon",
          "assetId": "hY697uWUqFGU0Q",
          "checksum": "edde0914a2679363623608c6ada87ef4"
        },
        {
          "type": "icon",
          "assetId": "5edP0uanu17vCw",
          "checksum": "5a2fe8d39bd4180245d49b9086d0a4df"
        },
        {
          "type": "icon",
          "assetId": "8g8AxJjZiIHmmB",
          "checksum": "11f66eec6f96b3a59e1ec6981b1aff2d"
        },
        {
          "type": "icon",
          "assetId": "mfdBI0Ej24plkc",
          "checksum": "09dfb05c8c68a346885805b6afdab0b2"
        },
        {
          "type": "icon",
          "assetId": "7CHfTg5Sb1Kn6y",
          "checksum": "48944334a7a619a4ce64c1f96035c258"
        },
        {
          "type": "icon",
          "assetId": "wdPcQc9W9qZUYt",
          "checksum": "b0aff8a7c15c5c3dfcf55e2431c23d52"
        },
        {
          "type": "icon",
          "assetId": "YRuFzL37JsfJiJ",
          "checksum": "1b154a3e2ae90608ca49064d50c45268"
        },
        {
          "type": "icon",
          "assetId": "CNyoV0046qOn6H",
          "checksum": "81b039dd4cb9d964e2cdb472ed6e61f0"
        },
        {
          "type": "icon",
          "assetId": "wAqIUKQ1hF_d2j",
          "checksum": "661494135e3ceb282d1f214ae11d9f12"
        },
        {
          "type": "icon",
          "assetId": "8wsA-tLND8qUgX",
          "checksum": "db38ccd91171cf1e9282456ce2930597"
        },
        {
          "type": "icon",
          "assetId": "zId5ZV1P3UMzAJ",
          "checksum": "090d380cd784f04c39a3370878897df8"
        },
        {
          "type": "icon",
          "assetId": "yOInY6V2_b5QN9",
          "checksum": "8986cbb423a7e7ffe942f482be1f40a8"
        },
        {
          "type": "icon",
          "assetId": "Rx2ORW8pRAwFUg",
          "checksum": "6db809d2ab1e39916fa1ca47c0a5ef77"
        },
        {
          "type": "icon",
          "assetId": "ssxFfiz1HPTPpE",
          "checksum": "01cf7dc87920b629798945502b47ca04"
        },
        {
          "type": "icon",
          "assetId": "2lpypE0VHkgLJS",
          "checksum": "997759fec5b02b7919cbdf17ef9c4600"
        },
        {
          "type": "icon",
          "assetId": "OqDiw2GqTCXxmy",
          "checksum": "4499c4f98730610f0281324fdf4f4c40"
        },
        {
          "type": "icon",
          "assetId": "gS0p5ld60cAYG5",
          "checksum": "55e1b57740a4cdd0578d8165421ddcb2"
        },
        {
          "type": "image",
          "assetId": "0zfxGhbJdW-PNl",
          "checksum": "d21e046fa91fa962c6c58764acbe7de3"
        },
        {
          "type": "image",
          "assetId": "13xFPffgKGC99w",
          "checksum": "e8fb780d78468fdb410a1e6c184957af"
        },
        {
          "type": "image",
          "assetId": "LfXG2dgEK4moYa",
          "checksum": "2060d758c692473759702489aedcae00"
        },
        {
          "type": "image",
          "assetId": "OI4-j6gTPyKox7",
          "checksum": "455268ad81ae915ad59c318da244b607"
        }
      ]
    }
  ],
  "cliVersion": "0.1.157"
}
